// !$*UTF8*$!
{
	archiveVersion = 1;
	classes = {
	};
	objectVersion = 77;
	objects = {

/* Begin PBXBuildFile section */
		277546542F4FE83F008A0E70 /* Typography.swift in Sources */ = {isa = PBXBuildFile; fileRef = 277546192F4FE83F008A0E70 /* Typography.swift */; };
		277546552F4FE83F008A0E70 /* ScreenTimeWagerApp.swift in Sources */ = {isa = PBXBuildFile; fileRef = 277546172F4FE83F008A0E70 /* ScreenTimeWagerApp.swift */; };
		277546572F4FE83F008A0E70 /* Outfit-SemiBold.ttf in Resources */ = {isa = PBXBuildFile; fileRef = 2775464C2F4FE83F008A0E70 /* Outfit-SemiBold.ttf */; };
		277546582F4FE83F008A0E70 /* Outfit-Regular.ttf in Resources */ = {isa = PBXBuildFile; fileRef = 2775464B2F4FE83F008A0E70 /* Outfit-Regular.ttf */; };
		2775465A2F4FE83F008A0E70 /* Outfit-Black.ttf in Resources */ = {isa = PBXBuildFile; fileRef = 277546452F4FE83F008A0E70 /* Outfit-Black.ttf */; };
		277546602F4FE83F008A0E70 /* Outfit-Thin.ttf in Resources */ = {isa = PBXBuildFile; fileRef = 2775464D2F4FE83F008A0E70 /* Outfit-Thin.ttf */; };
		277546642F4FE83F008A0E70 /* Outfit-Bold.ttf in Resources */ = {isa = PBXBuildFile; fileRef = 277546462F4FE83F008A0E70 /* Outfit-Bold.ttf */; };
		277546652F4FE83F008A0E70 /* Assets.xcassets in Resources */ = {isa = PBXBuildFile; fileRef = 277546512F4FE83F008A0E70 /* Assets.xcassets */; };
		277546662F4FE83F008A0E70 /* Outfit-ExtraBold.ttf in Resources */ = {isa = PBXBuildFile; fileRef = 277546472F4FE83F008A0E70 /* Outfit-ExtraBold.ttf */; };
		277546672F4FE83F008A0E70 /* Outfit-Medium.ttf in Resources */ = {isa = PBXBuildFile; fileRef = 2775464A2F4FE83F008A0E70 /* Outfit-Medium.ttf */; };
		2775466B2F4FE83F008A0E70 /* Outfit-Light.ttf in Resources */ = {isa = PBXBuildFile; fileRef = 277546492F4FE83F008A0E70 /* Outfit-Light.ttf */; };
		2775466C2F4FE83F008A0E70 /* Outfit-ExtraLight.ttf in Resources */ = {isa = PBXBuildFile; fileRef = 277546482F4FE83F008A0E70 /* Outfit-ExtraLight.ttf */; };
		27B000012F500000008A0E70 /* GameType.swift in Sources */ = {isa = PBXBuildFile; fileRef = 27A000012F500000008A0E70 /* GameType.swift */; };
		27B000022F500000008A0E70 /* TimeBudget.swift in Sources */ = {isa = PBXBuildFile; fileRef = 27A000022F500000008A0E70 /* TimeBudget.swift */; };
		27B000032F500000008A0E70 /* GameTransaction.swift in Sources */ = {isa = PBXBuildFile; fileRef = 27A000032F500000008A0E70 /* GameTransaction.swift */; };
		27B000042F500000008A0E70 /* AppSelection.swift in Sources */ = {isa = PBXBuildFile; fileRef = 27A000042F500000008A0E70 /* AppSelection.swift */; };
		27B000052F500000008A0E70 /* MinutesRounding.swift in Sources */ = {isa = PBXBuildFile; fileRef = 27A000052F500000008A0E70 /* MinutesRounding.swift */; };
		27B000062F500000008A0E70 /* DateKey.swift in Sources */ = {isa = PBXBuildFile; fileRef = 27A000062F500000008A0E70 /* DateKey.swift */; };
		27B000072F500000008A0E70 /* RNG.swift in Sources */ = {isa = PBXBuildFile; fileRef = 27A000072F500000008A0E70 /* RNG.swift */; };
		27B000082F500000008A0E70 /* RemainingMinutesCalculator.swift in Sources */ = {isa = PBXBuildFile; fileRef = 27A000082F500000008A0E70 /* RemainingMinutesCalculator.swift */; };
		27B000092F500000008A0E70 /* WagerPreviewCalculator.swift in Sources */ = {isa = PBXBuildFile; fileRef = 27A000092F500000008A0E70 /* WagerPreviewCalculator.swift */; };
		27B0000A2F500000008A0E70 /* TimeBudgetModel.swift in Sources */ = {isa = PBXBuildFile; fileRef = 27A0000A2F500000008A0E70 /* TimeBudgetModel.swift */; };
		27B0000B2F500000008A0E70 /* UsageModel.swift in Sources */ = {isa = PBXBuildFile; fileRef = 27A0000B2F500000008A0E70 /* UsageModel.swift */; };
		27B0000C2F500000008A0E70 /* LockStateModel.swift in Sources */ = {isa = PBXBuildFile; fileRef = 27A0000C2F500000008A0E70 /* LockStateModel.swift */; };
		27B0000D2F500000008A0E70 /* TransactionsModel.swift in Sources */ = {isa = PBXBuildFile; fileRef = 27A0000D2F500000008A0E70 /* TransactionsModel.swift */; };
		27B0000E2F500000008A0E70 /* AppModel.swift in Sources */ = {isa = PBXBuildFile; fileRef = 27A0000E2F500000008A0E70 /* AppModel.swift */; };
		27B0000F2F500000008A0E70 /* KeyValueStore.swift in Sources */ = {isa = PBXBuildFile; fileRef = 27A0000F2F500000008A0E70 /* KeyValueStore.swift */; };
		27B000102F500000008A0E70 /* UserDefaultsStore.swift in Sources */ = {isa = PBXBuildFile; fileRef = 27A000102F500000008A0E70 /* UserDefaultsStore.swift */; };
		27B000112F500000008A0E70 /* CodableStore.swift in Sources */ = {isa = PBXBuildFile; fileRef = 27A000112F500000008A0E70 /* CodableStore.swift */; };
		27D000012F500300008A0E70 /* ScreenTimeAuthorizationService.swift in Sources */ = {isa = PBXBuildFile; fileRef = 27C000012F500300008A0E70 /* ScreenTimeAuthorizationService.swift */; };
		27D000022F500300008A0E70 /* AppSelectionService.swift in Sources */ = {isa = PBXBuildFile; fileRef = 27C000022F500300008A0E70 /* AppSelectionService.swift */; };
		27D000032F500300008A0E70 /* ShieldService.swift in Sources */ = {isa = PBXBuildFile; fileRef = 27C000032F500300008A0E70 /* ShieldService.swift */; };
		27D000042F500300008A0E70 /* DeviceActivityUsageService.swift in Sources */ = {isa = PBXBuildFile; fileRef = 27C000042F500300008A0E70 /* DeviceActivityUsageService.swift */; };
		27F100012F600400008A0E70 /* HomeView.swift in Sources */ = {isa = PBXBuildFile; fileRef = 27E100012F600400008A0E70 /* HomeView.swift */; };
		27F100022F600400008A0E70 /* HomeViewModel.swift in Sources */ = {isa = PBXBuildFile; fileRef = 27E100022F600400008A0E70 /* HomeViewModel.swift */; };
		27F100032F600400008A0E70 /* RemainingMinutesCard.swift in Sources */ = {isa = PBXBuildFile; fileRef = 27E100032F600400008A0E70 /* RemainingMinutesCard.swift */; };
		28B100012F700100008A0E70 /* BrandPalette.swift in Sources */ = {isa = PBXBuildFile; fileRef = 28A100012F700100008A0E70 /* BrandPalette.swift */; };
		28B100022F700100008A0E70 /* BrandedActionButtonStyle.swift in Sources */ = {isa = PBXBuildFile; fileRef = 28A100022F700100008A0E70 /* BrandedActionButtonStyle.swift */; };
		28B100032F700100008A0E70 /* CardContainer.swift in Sources */ = {isa = PBXBuildFile; fileRef = 28A100032F700100008A0E70 /* CardContainer.swift */; };
		28B100042F700100008A0E70 /* RemainingMinutesHero.swift in Sources */ = {isa = PBXBuildFile; fileRef = 28A100042F700100008A0E70 /* RemainingMinutesHero.swift */; };
		28B100052F700100008A0E70 /* InlineStatusMessage.swift in Sources */ = {isa = PBXBuildFile; fileRef = 28A100052F700100008A0E70 /* InlineStatusMessage.swift */; };
		28B100062F700100008A0E70 /* WagerChips.swift in Sources */ = {isa = PBXBuildFile; fileRef = 28A100062F700100008A0E70 /* WagerChips.swift */; };
		27F200012F700500008A0E70 /* LockToggleButton.swift in Sources */ = {isa = PBXBuildFile; fileRef = 27E200012F700500008A0E70 /* LockToggleButton.swift */; };
		29B300012F800100008A0E70 /* AppRootView.swift in Sources */ = {isa = PBXBuildFile; fileRef = 29A300012F800100008A0E70 /* AppRootView.swift */; };
		29B300022F800100008A0E70 /* AppRouter.swift in Sources */ = {isa = PBXBuildFile; fileRef = 29A300022F800100008A0E70 /* AppRouter.swift */; };
		29B300032F800100008A0E70 /* GameEngine.swift in Sources */ = {isa = PBXBuildFile; fileRef = 29A300032F800100008A0E70 /* GameEngine.swift */; };
		29B300042F800100008A0E70 /* CrashEngine.swift in Sources */ = {isa = PBXBuildFile; fileRef = 29A300042F800100008A0E70 /* CrashEngine.swift */; };
		29B300052F800100008A0E70 /* PlinkoEngine.swift in Sources */ = {isa = PBXBuildFile; fileRef = 29A300052F800100008A0E70 /* PlinkoEngine.swift */; };
		29B300062F800100008A0E70 /* MinesEngine.swift in Sources */ = {isa = PBXBuildFile; fileRef = 29A300062F800100008A0E70 /* MinesEngine.swift */; };
		29B300072F800100008A0E70 /* SlotsEngine.swift in Sources */ = {isa = PBXBuildFile; fileRef = 29A300072F800100008A0E70 /* SlotsEngine.swift */; };
		29B300082F800100008A0E70 /* HapticsService.swift in Sources */ = {isa = PBXBuildFile; fileRef = 29A300082F800100008A0E70 /* HapticsService.swift */; };
		29B300092F800100008A0E70 /* AudioService.swift in Sources */ = {isa = PBXBuildFile; fileRef = 29A300092F800100008A0E70 /* AudioService.swift */; };
		29B3000A2F800100008A0E70 /* Log.swift in Sources */ = {isa = PBXBuildFile; fileRef = 29A3000A2F800100008A0E70 /* Log.swift */; };
		29B3000B2F800100008A0E70 /* OnboardingView.swift in Sources */ = {isa = PBXBuildFile; fileRef = 29A3000B2F800100008A0E70 /* OnboardingView.swift */; };
		29B3000C2F800100008A0E70 /* OnboardingViewModel.swift in Sources */ = {isa = PBXBuildFile; fileRef = 29A3000C2F800100008A0E70 /* OnboardingViewModel.swift */; };
		29B3000D2F800100008A0E70 /* BrandLockButton.swift in Sources */ = {isa = PBXBuildFile; fileRef = 29A3000D2F800100008A0E70 /* BrandLockButton.swift */; };
		29B3000E2F800100008A0E70 /* CrashView.swift in Sources */ = {isa = PBXBuildFile; fileRef = 29A3000E2F800100008A0E70 /* CrashView.swift */; };
		29B3000F2F800100008A0E70 /* CrashViewModel.swift in Sources */ = {isa = PBXBuildFile; fileRef = 29A3000F2F800100008A0E70 /* CrashViewModel.swift */; };
		29B300102F800100008A0E70 /* PlinkoView.swift in Sources */ = {isa = PBXBuildFile; fileRef = 29A300102F800100008A0E70 /* PlinkoView.swift */; };
		29B300112F800100008A0E70 /* PlinkoViewModel.swift in Sources */ = {isa = PBXBuildFile; fileRef = 29A300112F800100008A0E70 /* PlinkoViewModel.swift */; };
		29B300122F800100008A0E70 /* MinesView.swift in Sources */ = {isa = PBXBuildFile; fileRef = 29A300122F800100008A0E70 /* MinesView.swift */; };
		29B300132F800100008A0E70 /* MinesViewModel.swift in Sources */ = {isa = PBXBuildFile; fileRef = 29A300132F800100008A0E70 /* MinesViewModel.swift */; };
		29B300142F800100008A0E70 /* SlotsView.swift in Sources */ = {isa = PBXBuildFile; fileRef = 29A300142F800100008A0E70 /* SlotsView.swift */; };
		29B300152F800100008A0E70 /* SlotsViewModel.swift in Sources */ = {isa = PBXBuildFile; fileRef = 29A300152F800100008A0E70 /* SlotsViewModel.swift */; };
		29B300162F800100008A0E70 /* SettingsView.swift in Sources */ = {isa = PBXBuildFile; fileRef = 29A300162F800100008A0E70 /* SettingsView.swift */; };
		29B300172F800100008A0E70 /* SettingsViewModel.swift in Sources */ = {isa = PBXBuildFile; fileRef = 29A300172F800100008A0E70 /* SettingsViewModel.swift */; };
		29B300182F800100008A0E70 /* HistoryView.swift in Sources */ = {isa = PBXBuildFile; fileRef = 29A300182F800100008A0E70 /* HistoryView.swift */; };
		29B300192F800100008A0E70 /* HistoryViewModel.swift in Sources */ = {isa = PBXBuildFile; fileRef = 29A300192F800100008A0E70 /* HistoryViewModel.swift */; };
		29B3001A2F800100008A0E70 /* PlayContainerView.swift in Sources */ = {isa = PBXBuildFile; fileRef = 29A3001A2F800100008A0E70 /* PlayContainerView.swift */; };
		29B3001B2F800100008A0E70 /* GameSessionModel.swift in Sources */ = {isa = PBXBuildFile; fileRef = 29A3001B2F800100008A0E70 /* GameSessionModel.swift */; };
		29B3001C2F800100008A0E70 /* WagerModalView.swift in Sources */ = {isa = PBXBuildFile; fileRef = 29A3001C2F800100008A0E70 /* WagerModalView.swift */; };
/* End PBXBuildFile section */

/* Begin PBXFileReference section */
		277546172F4FE83F008A0E70 /* ScreenTimeWagerApp.swift */ = {isa = PBXFileReference; lastKnownFileType = sourcecode.swift; path = ScreenTimeWagerApp.swift; sourceTree = "<group>"; };
		277546192F4FE83F008A0E70 /* Typography.swift */ = {isa = PBXFileReference; lastKnownFileType = sourcecode.swift; path = Typography.swift; sourceTree = "<group>"; };
		277546452F4FE83F008A0E70 /* Outfit-Black.ttf */ = {isa = PBXFileReference; lastKnownFileType = file; path = "Outfit-Black.ttf"; sourceTree = "<group>"; };
		277546462F4FE83F008A0E70 /* Outfit-Bold.ttf */ = {isa = PBXFileReference; lastKnownFileType = file; path = "Outfit-Bold.ttf"; sourceTree = "<group>"; };
		277546472F4FE83F008A0E70 /* Outfit-ExtraBold.ttf */ = {isa = PBXFileReference; lastKnownFileType = file; path = "Outfit-ExtraBold.ttf"; sourceTree = "<group>"; };
		277546482F4FE83F008A0E70 /* Outfit-ExtraLight.ttf */ = {isa = PBXFileReference; lastKnownFileType = file; path = "Outfit-ExtraLight.ttf"; sourceTree = "<group>"; };
		277546492F4FE83F008A0E70 /* Outfit-Light.ttf */ = {isa = PBXFileReference; lastKnownFileType = file; path = "Outfit-Light.ttf"; sourceTree = "<group>"; };
		2775464A2F4FE83F008A0E70 /* Outfit-Medium.ttf */ = {isa = PBXFileReference; lastKnownFileType = file; path = "Outfit-Medium.ttf"; sourceTree = "<group>"; };
		2775464B2F4FE83F008A0E70 /* Outfit-Regular.ttf */ = {isa = PBXFileReference; lastKnownFileType = file; path = "Outfit-Regular.ttf"; sourceTree = "<group>"; };
		2775464C2F4FE83F008A0E70 /* Outfit-SemiBold.ttf */ = {isa = PBXFileReference; lastKnownFileType = file; path = "Outfit-SemiBold.ttf"; sourceTree = "<group>"; };
		2775464D2F4FE83F008A0E70 /* Outfit-Thin.ttf */ = {isa = PBXFileReference; lastKnownFileType = file; path = "Outfit-Thin.ttf"; sourceTree = "<group>"; };
		277546512F4FE83F008A0E70 /* Assets.xcassets */ = {isa = PBXFileReference; lastKnownFileType = folder.assetcatalog; path = Assets.xcassets; sourceTree = "<group>"; };
		277546762F50A2D9008A0E70 /* DoubleTime.entitlements */ = {isa = PBXFileReference; lastKnownFileType = text.plist.entitlements; path = DoubleTime.entitlements; sourceTree = "<group>"; };
		27A000012F500000008A0E70 /* GameType.swift */ = {isa = PBXFileReference; lastKnownFileType = sourcecode.swift; path = GameType.swift; sourceTree = "<group>"; };
		27A000022F500000008A0E70 /* TimeBudget.swift */ = {isa = PBXFileReference; lastKnownFileType = sourcecode.swift; path = TimeBudget.swift; sourceTree = "<group>"; };
		27A000032F500000008A0E70 /* GameTransaction.swift */ = {isa = PBXFileReference; lastKnownFileType = sourcecode.swift; path = GameTransaction.swift; sourceTree = "<group>"; };
		27A000042F500000008A0E70 /* AppSelection.swift */ = {isa = PBXFileReference; lastKnownFileType = sourcecode.swift; path = AppSelection.swift; sourceTree = "<group>"; };
		27A000052F500000008A0E70 /* MinutesRounding.swift */ = {isa = PBXFileReference; lastKnownFileType = sourcecode.swift; path = MinutesRounding.swift; sourceTree = "<group>"; };
		27A000062F500000008A0E70 /* DateKey.swift */ = {isa = PBXFileReference; lastKnownFileType = sourcecode.swift; path = DateKey.swift; sourceTree = "<group>"; };
		27A000072F500000008A0E70 /* RNG.swift */ = {isa = PBXFileReference; lastKnownFileType = sourcecode.swift; path = RNG.swift; sourceTree = "<group>"; };
		27A000082F500000008A0E70 /* RemainingMinutesCalculator.swift */ = {isa = PBXFileReference; lastKnownFileType = sourcecode.swift; path = RemainingMinutesCalculator.swift; sourceTree = "<group>"; };
		27A000092F500000008A0E70 /* WagerPreviewCalculator.swift */ = {isa = PBXFileReference; lastKnownFileType = sourcecode.swift; path = WagerPreviewCalculator.swift; sourceTree = "<group>"; };
		27A0000A2F500000008A0E70 /* TimeBudgetModel.swift */ = {isa = PBXFileReference; lastKnownFileType = sourcecode.swift; path = TimeBudgetModel.swift; sourceTree = "<group>"; };
		27A0000B2F500000008A0E70 /* UsageModel.swift */ = {isa = PBXFileReference; lastKnownFileType = sourcecode.swift; path = UsageModel.swift; sourceTree = "<group>"; };
		27A0000C2F500000008A0E70 /* LockStateModel.swift */ = {isa = PBXFileReference; lastKnownFileType = sourcecode.swift; path = LockStateModel.swift; sourceTree = "<group>"; };
		27A0000D2F500000008A0E70 /* TransactionsModel.swift */ = {isa = PBXFileReference; lastKnownFileType = sourcecode.swift; path = TransactionsModel.swift; sourceTree = "<group>"; };
		27A0000E2F500000008A0E70 /* AppModel.swift */ = {isa = PBXFileReference; lastKnownFileType = sourcecode.swift; path = AppModel.swift; sourceTree = "<group>"; };
		27A0000F2F500000008A0E70 /* KeyValueStore.swift */ = {isa = PBXFileReference; lastKnownFileType = sourcecode.swift; path = KeyValueStore.swift; sourceTree = "<group>"; };
		27A000102F500000008A0E70 /* UserDefaultsStore.swift */ = {isa = PBXFileReference; lastKnownFileType = sourcecode.swift; path = UserDefaultsStore.swift; sourceTree = "<group>"; };
		27A000112F500000008A0E70 /* CodableStore.swift */ = {isa = PBXFileReference; lastKnownFileType = sourcecode.swift; path = CodableStore.swift; sourceTree = "<group>"; };
		27C000012F500300008A0E70 /* ScreenTimeAuthorizationService.swift */ = {isa = PBXFileReference; lastKnownFileType = sourcecode.swift; path = ScreenTimeAuthorizationService.swift; sourceTree = "<group>"; };
		27C000022F500300008A0E70 /* AppSelectionService.swift */ = {isa = PBXFileReference; lastKnownFileType = sourcecode.swift; path = AppSelectionService.swift; sourceTree = "<group>"; };
		27C000032F500300008A0E70 /* ShieldService.swift */ = {isa = PBXFileReference; lastKnownFileType = sourcecode.swift; path = ShieldService.swift; sourceTree = "<group>"; };
		27C000042F500300008A0E70 /* DeviceActivityUsageService.swift */ = {isa = PBXFileReference; lastKnownFileType = sourcecode.swift; path = DeviceActivityUsageService.swift; sourceTree = "<group>"; };
		27E100012F600400008A0E70 /* HomeView.swift */ = {isa = PBXFileReference; lastKnownFileType = sourcecode.swift; path = HomeView.swift; sourceTree = "<group>"; };
		27E100022F600400008A0E70 /* HomeViewModel.swift */ = {isa = PBXFileReference; lastKnownFileType = sourcecode.swift; path = HomeViewModel.swift; sourceTree = "<group>"; };
		27E100032F600400008A0E70 /* RemainingMinutesCard.swift */ = {isa = PBXFileReference; lastKnownFileType = sourcecode.swift; path = RemainingMinutesCard.swift; sourceTree = "<group>"; };
		28A100012F700100008A0E70 /* BrandPalette.swift */ = {isa = PBXFileReference; lastKnownFileType = sourcecode.swift; path = BrandPalette.swift; sourceTree = "<group>"; };
		28A100022F700100008A0E70 /* BrandedActionButtonStyle.swift */ = {isa = PBXFileReference; lastKnownFileType = sourcecode.swift; path = BrandedActionButtonStyle.swift; sourceTree = "<group>"; };
		28A100032F700100008A0E70 /* CardContainer.swift */ = {isa = PBXFileReference; lastKnownFileType = sourcecode.swift; path = CardContainer.swift; sourceTree = "<group>"; };
		28A100042F700100008A0E70 /* RemainingMinutesHero.swift */ = {isa = PBXFileReference; lastKnownFileType = sourcecode.swift; path = RemainingMinutesHero.swift; sourceTree = "<group>"; };
		28A100052F700100008A0E70 /* InlineStatusMessage.swift */ = {isa = PBXFileReference; lastKnownFileType = sourcecode.swift; path = InlineStatusMessage.swift; sourceTree = "<group>"; };
		28A100062F700100008A0E70 /* WagerChips.swift */ = {isa = PBXFileReference; lastKnownFileType = sourcecode.swift; path = WagerChips.swift; sourceTree = "<group>"; };
		27E200012F700500008A0E70 /* LockToggleButton.swift */ = {isa = PBXFileReference; lastKnownFileType = sourcecode.swift; path = LockToggleButton.swift; sourceTree = "<group>"; };
		29A300012F800100008A0E70 /* AppRootView.swift */ = {isa = PBXFileReference; lastKnownFileType = sourcecode.swift; path = AppRootView.swift; sourceTree = "<group>"; };
		29A300022F800100008A0E70 /* AppRouter.swift */ = {isa = PBXFileReference; lastKnownFileType = sourcecode.swift; path = AppRouter.swift; sourceTree = "<group>"; };
		29A300032F800100008A0E70 /* GameEngine.swift */ = {isa = PBXFileReference; lastKnownFileType = sourcecode.swift; path = GameEngine.swift; sourceTree = "<group>"; };
		29A300042F800100008A0E70 /* CrashEngine.swift */ = {isa = PBXFileReference; lastKnownFileType = sourcecode.swift; path = CrashEngine.swift; sourceTree = "<group>"; };
		29A300052F800100008A0E70 /* PlinkoEngine.swift */ = {isa = PBXFileReference; lastKnownFileType = sourcecode.swift; path = PlinkoEngine.swift; sourceTree = "<group>"; };
		29A300062F800100008A0E70 /* MinesEngine.swift */ = {isa = PBXFileReference; lastKnownFileType = sourcecode.swift; path = MinesEngine.swift; sourceTree = "<group>"; };
		29A300072F800100008A0E70 /* SlotsEngine.swift */ = {isa = PBXFileReference; lastKnownFileType = sourcecode.swift; path = SlotsEngine.swift; sourceTree = "<group>"; };
		29A300082F800100008A0E70 /* HapticsService.swift */ = {isa = PBXFileReference; lastKnownFileType = sourcecode.swift; path = HapticsService.swift; sourceTree = "<group>"; };
		29A300092F800100008A0E70 /* AudioService.swift */ = {isa = PBXFileReference; lastKnownFileType = sourcecode.swift; path = AudioService.swift; sourceTree = "<group>"; };
		29A3000A2F800100008A0E70 /* Log.swift */ = {isa = PBXFileReference; lastKnownFileType = sourcecode.swift; path = Log.swift; sourceTree = "<group>"; };
		29A3000B2F800100008A0E70 /* OnboardingView.swift */ = {isa = PBXFileReference; lastKnownFileType = sourcecode.swift; path = OnboardingView.swift; sourceTree = "<group>"; };
		29A3000C2F800100008A0E70 /* OnboardingViewModel.swift */ = {isa = PBXFileReference; lastKnownFileType = sourcecode.swift; path = OnboardingViewModel.swift; sourceTree = "<group>"; };
		29A3000D2F800100008A0E70 /* BrandLockButton.swift */ = {isa = PBXFileReference; lastKnownFileType = sourcecode.swift; path = BrandLockButton.swift; sourceTree = "<group>"; };
		29A3000E2F800100008A0E70 /* CrashView.swift */ = {isa = PBXFileReference; lastKnownFileType = sourcecode.swift; path = CrashView.swift; sourceTree = "<group>"; };
		29A3000F2F800100008A0E70 /* CrashViewModel.swift */ = {isa = PBXFileReference; lastKnownFileType = sourcecode.swift; path = CrashViewModel.swift; sourceTree = "<group>"; };
		29A300102F800100008A0E70 /* PlinkoView.swift */ = {isa = PBXFileReference; lastKnownFileType = sourcecode.swift; path = PlinkoView.swift; sourceTree = "<group>"; };
		29A300112F800100008A0E70 /* PlinkoViewModel.swift */ = {isa = PBXFileReference; lastKnownFileType = sourcecode.swift; path = PlinkoViewModel.swift; sourceTree = "<group>"; };
		29A300122F800100008A0E70 /* MinesView.swift */ = {isa = PBXFileReference; lastKnownFileType = sourcecode.swift; path = MinesView.swift; sourceTree = "<group>"; };
		29A300132F800100008A0E70 /* MinesViewModel.swift */ = {isa = PBXFileReference; lastKnownFileType = sourcecode.swift; path = MinesViewModel.swift; sourceTree = "<group>"; };
		29A300142F800100008A0E70 /* SlotsView.swift */ = {isa = PBXFileReference; lastKnownFileType = sourcecode.swift; path = SlotsView.swift; sourceTree = "<group>"; };
		29A300152F800100008A0E70 /* SlotsViewModel.swift */ = {isa = PBXFileReference; lastKnownFileType = sourcecode.swift; path = SlotsViewModel.swift; sourceTree = "<group>"; };
		29A300162F800100008A0E70 /* SettingsView.swift */ = {isa = PBXFileReference; lastKnownFileType = sourcecode.swift; path = SettingsView.swift; sourceTree = "<group>"; };
		29A300172F800100008A0E70 /* SettingsViewModel.swift */ = {isa = PBXFileReference; lastKnownFileType = sourcecode.swift; path = SettingsViewModel.swift; sourceTree = "<group>"; };
		29A300182F800100008A0E70 /* HistoryView.swift */ = {isa = PBXFileReference; lastKnownFileType = sourcecode.swift; path = HistoryView.swift; sourceTree = "<group>"; };
		29A300192F800100008A0E70 /* HistoryViewModel.swift */ = {isa = PBXFileReference; lastKnownFileType = sourcecode.swift; path = HistoryViewModel.swift; sourceTree = "<group>"; };
		29A3001A2F800100008A0E70 /* PlayContainerView.swift */ = {isa = PBXFileReference; lastKnownFileType = sourcecode.swift; path = PlayContainerView.swift; sourceTree = "<group>"; };
		29A3001B2F800100008A0E70 /* GameSessionModel.swift */ = {isa = PBXFileReference; lastKnownFileType = sourcecode.swift; path = GameSessionModel.swift; sourceTree = "<group>"; };
		29A3001C2F800100008A0E70 /* WagerModalView.swift */ = {isa = PBXFileReference; lastKnownFileType = sourcecode.swift; path = WagerModalView.swift; sourceTree = "<group>"; };
		27F653BD2F4FE54C00F1E977 /* DoubleTime.app */ = {isa = PBXFileReference; explicitFileType = wrapper.application; includeInIndex = 0; path = DoubleTime.app; sourceTree = BUILT_PRODUCTS_DIR; };
/* End PBXFileReference section */

/* Begin PBXFrameworksBuildPhase section */
		27F653BA2F4FE54C00F1E977 /* Frameworks */ = {
			isa = PBXFrameworksBuildPhase;
			buildActionMask = 2147483647;
			files = (
			);
			runOnlyForDeploymentPostprocessing = 0;
		};
/* End PBXFrameworksBuildPhase section */

/* Begin PBXGroup section */
		277546182F4FE83F008A0E70 /* App */ = {
			isa = PBXGroup;
			children = (
				29A300012F800100008A0E70 /* AppRootView.swift */,
				29A300022F800100008A0E70 /* AppRouter.swift */,
				277546172F4FE83F008A0E70 /* ScreenTimeWagerApp.swift */,
			);
			path = App;
			sourceTree = "<group>";
		};
		2775461A2F4FE83F008A0E70 /* Design */ = {
			isa = PBXGroup;
			children = (
				28A100012F700100008A0E70 /* BrandPalette.swift */,
				28A100022F700100008A0E70 /* BrandedActionButtonStyle.swift */,
				277546192F4FE83F008A0E70 /* Typography.swift */,
			);
			path = Design;
			sourceTree = "<group>";
		};
		2775461C2F4FE83F008A0E70 /* Calculators */ = {
			isa = PBXGroup;
			children = (
				27A000082F500000008A0E70 /* RemainingMinutesCalculator.swift */,
				27A000092F500000008A0E70 /* WagerPreviewCalculator.swift */,
			);
			path = Calculators;
			sourceTree = "<group>";
		};
		2775461E2F4FE83F008A0E70 /* Engines */ = {
			isa = PBXGroup;
			children = (
				29A300042F800100008A0E70 /* CrashEngine.swift */,
				29A300032F800100008A0E70 /* GameEngine.swift */,
				29A300062F800100008A0E70 /* MinesEngine.swift */,
				29A300052F800100008A0E70 /* PlinkoEngine.swift */,
				29A300072F800100008A0E70 /* SlotsEngine.swift */,
			);
			path = Engines;
			sourceTree = "<group>";
		};
		277546202F4FE83F008A0E70 /* Models */ = {
			isa = PBXGroup;
			children = (
				27A000042F500000008A0E70 /* AppSelection.swift */,
				27A000032F500000008A0E70 /* GameTransaction.swift */,
				27A000012F500000008A0E70 /* GameType.swift */,
				27A000022F500000008A0E70 /* TimeBudget.swift */,
			);
			path = Models;
			sourceTree = "<group>";
		};
		277546222F4FE83F008A0E70 /* Utilities */ = {
			isa = PBXGroup;
			children = (
				27A000062F500000008A0E70 /* DateKey.swift */,
				27A000052F500000008A0E70 /* MinutesRounding.swift */,
				27A000072F500000008A0E70 /* RNG.swift */,
			);
			path = Utilities;
			sourceTree = "<group>";
		};
		277546232F4FE83F008A0E70 /* Domain */ = {
			isa = PBXGroup;
			children = (
				2775461C2F4FE83F008A0E70 /* Calculators */,
				2775461E2F4FE83F008A0E70 /* Engines */,
				277546202F4FE83F008A0E70 /* Models */,
				277546222F4FE83F008A0E70 /* Utilities */,
			);
			path = Domain;
			sourceTree = "<group>";
		};
		277546252F4FE83F008A0E70 /* Feedback */ = {
			isa = PBXGroup;
			children = (
				29A300092F800100008A0E70 /* AudioService.swift */,
				29A300082F800100008A0E70 /* HapticsService.swift */,
			);
			path = Feedback;
			sourceTree = "<group>";
		};
		277546272F4FE83F008A0E70 /* Logging */ = {
			isa = PBXGroup;
			children = (
				29A3000A2F800100008A0E70 /* Log.swift */,
			);
			path = Logging;
			sourceTree = "<group>";
		};
		277546292F4FE83F008A0E70 /* Persistence */ = {
			isa = PBXGroup;
			children = (
				27A000112F500000008A0E70 /* CodableStore.swift */,
				27A0000F2F500000008A0E70 /* KeyValueStore.swift */,
				27A000102F500000008A0E70 /* UserDefaultsStore.swift */,
			);
			path = Persistence;
			sourceTree = "<group>";
		};
		2775462B2F4FE83F008A0E70 /* ScreenTime */ = {
			isa = PBXGroup;
			children = (
				27C000022F500300008A0E70 /* AppSelectionService.swift */,
				27C000042F500300008A0E70 /* DeviceActivityUsageService.swift */,
				27C000012F500300008A0E70 /* ScreenTimeAuthorizationService.swift */,
				27C000032F500300008A0E70 /* ShieldService.swift */,
			);
			path = ScreenTime;
			sourceTree = "<group>";
		};
		2775462C2F4FE83F008A0E70 /* Services */ = {
			isa = PBXGroup;
			children = (
				277546252F4FE83F008A0E70 /* Feedback */,
				277546272F4FE83F008A0E70 /* Logging */,
				277546292F4FE83F008A0E70 /* Persistence */,
				2775462B2F4FE83F008A0E70 /* ScreenTime */,
			);
			path = Services;
			sourceTree = "<group>";
		};
		2775462E2F4FE83F008A0E70 /* State */ = {
			isa = PBXGroup;
			children = (
				27A0000E2F500000008A0E70 /* AppModel.swift */,
				29A3001B2F800100008A0E70 /* GameSessionModel.swift */,
				27A0000C2F500000008A0E70 /* LockStateModel.swift */,
				27A0000A2F500000008A0E70 /* TimeBudgetModel.swift */,
				27A0000D2F500000008A0E70 /* TransactionsModel.swift */,
				27A0000B2F500000008A0E70 /* UsageModel.swift */,
			);
			path = State;
			sourceTree = "<group>";
		};
		277546302F4FE83F008A0E70 /* Core */ = {
			isa = PBXGroup;
			children = (
				2775461A2F4FE83F008A0E70 /* Design */,
				277546232F4FE83F008A0E70 /* Domain */,
				2775462C2F4FE83F008A0E70 /* Services */,
				2775462E2F4FE83F008A0E70 /* State */,
			);
			path = Core;
			sourceTree = "<group>";
		};
		277546322F4FE83F008A0E70 /* Crash */ = {
			isa = PBXGroup;
			children = (
				29A3000E2F800100008A0E70 /* CrashView.swift */,
				29A3000F2F800100008A0E70 /* CrashViewModel.swift */,
			);
			path = Crash;
			sourceTree = "<group>";
		};
		277546342F4FE83F008A0E70 /* Mines */ = {
			isa = PBXGroup;
			children = (
				29A300122F800100008A0E70 /* MinesView.swift */,
				29A300132F800100008A0E70 /* MinesViewModel.swift */,
			);
			path = Mines;
			sourceTree = "<group>";
		};
		277546362F4FE83F008A0E70 /* Plinko */ = {
			isa = PBXGroup;
			children = (
				29A300102F800100008A0E70 /* PlinkoView.swift */,
				29A300112F800100008A0E70 /* PlinkoViewModel.swift */,
			);
			path = Plinko;
			sourceTree = "<group>";
		};
		277546382F4FE83F008A0E70 /* Slots */ = {
			isa = PBXGroup;
			children = (
				29A300142F800100008A0E70 /* SlotsView.swift */,
				29A300152F800100008A0E70 /* SlotsViewModel.swift */,
			);
			path = Slots;
			sourceTree = "<group>";
		};
		29C3001D2F800100008A0E70 /* Components */ = {
			isa = PBXGroup;
			children = (
				29A3001C2F800100008A0E70 /* WagerModalView.swift */,
			);
			path = Components;
			sourceTree = "<group>";
		};
		277546392F4FE83F008A0E70 /* Games */ = {
			isa = PBXGroup;
			children = (
				29C3001D2F800100008A0E70 /* Components */,
				277546322F4FE83F008A0E70 /* Crash */,
				277546342F4FE83F008A0E70 /* Mines */,
				277546362F4FE83F008A0E70 /* Plinko */,
				29A3001A2F800100008A0E70 /* PlayContainerView.swift */,
				277546382F4FE83F008A0E70 /* Slots */,
			);
			path = Games;
			sourceTree = "<group>";
		};
		2775463B2F4FE83F008A0E70 /* History */ = {
			isa = PBXGroup;
			children = (
				29A300182F800100008A0E70 /* HistoryView.swift */,
				29A300192F800100008A0E70 /* HistoryViewModel.swift */,
			);
			path = History;
			sourceTree = "<group>";
		};
		2775463D2F4FE83F008A0E70 /* Components */ = {
			isa = PBXGroup;
			children = (
				29A3000D2F800100008A0E70 /* BrandLockButton.swift */,
				28A100032F700100008A0E70 /* CardContainer.swift */,
				28A100052F700100008A0E70 /* InlineStatusMessage.swift */,
				27E200012F700500008A0E70 /* LockToggleButton.swift */,
				28A100042F700100008A0E70 /* RemainingMinutesHero.swift */,
				27E100032F600400008A0E70 /* RemainingMinutesCard.swift */,
				28A100062F700100008A0E70 /* WagerChips.swift */,
			);
			path = Components;
			sourceTree = "<group>";
		};
		2775463E2F4FE83F008A0E70 /* Home */ = {
			isa = PBXGroup;
			children = (
				2775463D2F4FE83F008A0E70 /* Components */,
				27E100012F600400008A0E70 /* HomeView.swift */,
				27E100022F600400008A0E70 /* HomeViewModel.swift */,
			);
			path = Home;
			sourceTree = "<group>";
		};
		277546402F4FE83F008A0E70 /* Onboarding */ = {
			isa = PBXGroup;
			children = (
				29A3000B2F800100008A0E70 /* OnboardingView.swift */,
				29A3000C2F800100008A0E70 /* OnboardingViewModel.swift */,
			);
			path = Onboarding;
			sourceTree = "<group>";
		};
		277546422F4FE83F008A0E70 /* Settings */ = {
			isa = PBXGroup;
			children = (
				29A300162F800100008A0E70 /* SettingsView.swift */,
				29A300172F800100008A0E70 /* SettingsViewModel.swift */,
			);
			path = Settings;
			sourceTree = "<group>";
		};
		277546442F4FE83F008A0E70 /* Features */ = {
			isa = PBXGroup;
			children = (
				277546392F4FE83F008A0E70 /* Games */,
				2775463B2F4FE83F008A0E70 /* History */,
				2775463E2F4FE83F008A0E70 /* Home */,
				277546402F4FE83F008A0E70 /* Onboarding */,
				277546422F4FE83F008A0E70 /* Settings */,
			);
			path = Features;
			sourceTree = "<group>";
		};
		2775464E2F4FE83F008A0E70 /* Fonts */ = {
			isa = PBXGroup;
			children = (
				277546452F4FE83F008A0E70 /* Outfit-Black.ttf */,
				277546462F4FE83F008A0E70 /* Outfit-Bold.ttf */,
				277546472F4FE83F008A0E70 /* Outfit-ExtraBold.ttf */,
				277546482F4FE83F008A0E70 /* Outfit-ExtraLight.ttf */,
				277546492F4FE83F008A0E70 /* Outfit-Light.ttf */,
				2775464A2F4FE83F008A0E70 /* Outfit-Medium.ttf */,
				2775464B2F4FE83F008A0E70 /* Outfit-Regular.ttf */,
				2775464C2F4FE83F008A0E70 /* Outfit-SemiBold.ttf */,
				2775464D2F4FE83F008A0E70 /* Outfit-Thin.ttf */,
			);
			path = Fonts;
			sourceTree = "<group>";
		};
		277546502F4FE83F008A0E70 /* Sounds */ = {
			isa = PBXGroup;
			children = (
			);
			path = Sounds;
			sourceTree = "<group>";
		};
		277546532F4FE83F008A0E70 /* Resources */ = {
			isa = PBXGroup;
			children = (
				2775464E2F4FE83F008A0E70 /* Fonts */,
				277546502F4FE83F008A0E70 /* Sounds */,
				277546512F4FE83F008A0E70 /* Assets.xcassets */,
			);
			path = Resources;
			sourceTree = "<group>";
		};
		27F653B42F4FE54C00F1E977 = {
			isa = PBXGroup;
			children = (
				277546762F50A2D9008A0E70 /* DoubleTime.entitlements */,
				277546182F4FE83F008A0E70 /* App */,
				277546302F4FE83F008A0E70 /* Core */,
				277546442F4FE83F008A0E70 /* Features */,
				277546532F4FE83F008A0E70 /* Resources */,
				27F653BE2F4FE54C00F1E977 /* Products */,
			);
			sourceTree = "<group>";
		};
		27F653BE2F4FE54C00F1E977 /* Products */ = {
			isa = PBXGroup;
			children = (
				27F653BD2F4FE54C00F1E977 /* DoubleTime.app */,
			);
			name = Products;
			sourceTree = "<group>";
		};
/* End PBXGroup section */

/* Begin PBXNativeTarget section */
		27F653BC2F4FE54C00F1E977 /* DoubleTime */ = {
			isa = PBXNativeTarget;
			buildConfigurationList = 27F653CB2F4FE54D00F1E977 /* Build configuration list for PBXNativeTarget "DoubleTime" */;
			buildPhases = (
				27F653B92F4FE54C00F1E977 /* Sources */,
				27F653BA2F4FE54C00F1E977 /* Frameworks */,
				27F653BB2F4FE54C00F1E977 /* Resources */,
			);
			buildRules = (
			);
			dependencies = (
			);
			name = DoubleTime;
			packageProductDependencies = (
			);
			productName = DoubleTime;
			productReference = 27F653BD2F4FE54C00F1E977 /* DoubleTime.app */;
			productType = "com.apple.product-type.application";
		};
/* End PBXNativeTarget section */

/* Begin PBXProject section */
		27F653B52F4FE54C00F1E977 /* Project object */ = {
			isa = PBXProject;
			attributes = {
				BuildIndependentTargetsInParallel = 1;
				LastSwiftUpdateCheck = 1610;
				LastUpgradeCheck = 1610;
				TargetAttributes = {
					27F653BC2F4FE54C00F1E977 = {
						CreatedOnToolsVersion = 16.1;
					};
				};
			};
			buildConfigurationList = 27F653B82F4FE54C00F1E977 /* Build configuration list for PBXProject "DoubleTime" */;
			developmentRegion = en;
			hasScannedForEncodings = 0;
			knownRegions = (
				en,
				Base,
			);
			mainGroup = 27F653B42F4FE54C00F1E977;
			minimizedProjectReferenceProxies = 1;
			preferredProjectObjectVersion = 77;
			productRefGroup = 27F653BE2F4FE54C00F1E977 /* Products */;
			projectDirPath = "";
			projectRoot = "";
			targets = (
				27F653BC2F4FE54C00F1E977 /* DoubleTime */,
			);
		};
/* End PBXProject section */

/* Begin PBXResourcesBuildPhase section */
		27F653BB2F4FE54C00F1E977 /* Resources */ = {
			isa = PBXResourcesBuildPhase;
			buildActionMask = 2147483647;
			files = (
				277546572F4FE83F008A0E70 /* Outfit-SemiBold.ttf in Resources */,
				277546582F4FE83F008A0E70 /* Outfit-Regular.ttf in Resources */,
				2775465A2F4FE83F008A0E70 /* Outfit-Black.ttf in Resources */,
				277546602F4FE83F008A0E70 /* Outfit-Thin.ttf in Resources */,
				277546642F4FE83F008A0E70 /* Outfit-Bold.ttf in Resources */,
				277546652F4FE83F008A0E70 /* Assets.xcassets in Resources */,
				277546662F4FE83F008A0E70 /* Outfit-ExtraBold.ttf in Resources */,
				277546672F4FE83F008A0E70 /* Outfit-Medium.ttf in Resources */,
				2775466B2F4FE83F008A0E70 /* Outfit-Light.ttf in Resources */,
				2775466C2F4FE83F008A0E70 /* Outfit-ExtraLight.ttf in Resources */,
			);
			runOnlyForDeploymentPostprocessing = 0;
		};
/* End PBXResourcesBuildPhase section */

/* Begin PBXSourcesBuildPhase section */
		27F653B92F4FE54C00F1E977 /* Sources */ = {
			isa = PBXSourcesBuildPhase;
			buildActionMask = 2147483647;
			files = (
				277546542F4FE83F008A0E70 /* Typography.swift in Sources */,
				277546552F4FE83F008A0E70 /* ScreenTimeWagerApp.swift in Sources */,
				27B000012F500000008A0E70 /* GameType.swift in Sources */,
				27B000022F500000008A0E70 /* TimeBudget.swift in Sources */,
				27B000032F500000008A0E70 /* GameTransaction.swift in Sources */,
				27B000042F500000008A0E70 /* AppSelection.swift in Sources */,
				27B000052F500000008A0E70 /* MinutesRounding.swift in Sources */,
				27B000062F500000008A0E70 /* DateKey.swift in Sources */,
				27B000072F500000008A0E70 /* RNG.swift in Sources */,
				27B000082F500000008A0E70 /* RemainingMinutesCalculator.swift in Sources */,
				27B000092F500000008A0E70 /* WagerPreviewCalculator.swift in Sources */,
				27B0000A2F500000008A0E70 /* TimeBudgetModel.swift in Sources */,
				27B0000B2F500000008A0E70 /* UsageModel.swift in Sources */,
				27B0000C2F500000008A0E70 /* LockStateModel.swift in Sources */,
				27B0000D2F500000008A0E70 /* TransactionsModel.swift in Sources */,
				27B0000E2F500000008A0E70 /* AppModel.swift in Sources */,
				27B0000F2F500000008A0E70 /* KeyValueStore.swift in Sources */,
				27B000102F500000008A0E70 /* UserDefaultsStore.swift in Sources */,
				27B000112F500000008A0E70 /* CodableStore.swift in Sources */,
				27D000012F500300008A0E70 /* ScreenTimeAuthorizationService.swift in Sources */,
				27D000022F500300008A0E70 /* AppSelectionService.swift in Sources */,
				27D000032F500300008A0E70 /* ShieldService.swift in Sources */,
				27D000042F500300008A0E70 /* DeviceActivityUsageService.swift in Sources */,
				27F100012F600400008A0E70 /* HomeView.swift in Sources */,
				27F100022F600400008A0E70 /* HomeViewModel.swift in Sources */,
				27F100032F600400008A0E70 /* RemainingMinutesCard.swift in Sources */,
				28B100012F700100008A0E70 /* BrandPalette.swift in Sources */,
				28B100022F700100008A0E70 /* BrandedActionButtonStyle.swift in Sources */,
				28B100032F700100008A0E70 /* CardContainer.swift in Sources */,
				28B100042F700100008A0E70 /* RemainingMinutesHero.swift in Sources */,
				28B100052F700100008A0E70 /* InlineStatusMessage.swift in Sources */,
				28B100062F700100008A0E70 /* WagerChips.swift in Sources */,
				27F200012F700500008A0E70 /* LockToggleButton.swift in Sources */,
				29B300012F800100008A0E70 /* AppRootView.swift in Sources */,
				29B300022F800100008A0E70 /* AppRouter.swift in Sources */,
				29B300032F800100008A0E70 /* GameEngine.swift in Sources */,
				29B300042F800100008A0E70 /* CrashEngine.swift in Sources */,
				29B300052F800100008A0E70 /* PlinkoEngine.swift in Sources */,
				29B300062F800100008A0E70 /* MinesEngine.swift in Sources */,
				29B300072F800100008A0E70 /* SlotsEngine.swift in Sources */,
				29B300082F800100008A0E70 /* HapticsService.swift in Sources */,
				29B300092F800100008A0E70 /* AudioService.swift in Sources */,
				29B3000A2F800100008A0E70 /* Log.swift in Sources */,
				29B3000B2F800100008A0E70 /* OnboardingView.swift in Sources */,
				29B3000C2F800100008A0E70 /* OnboardingViewModel.swift in Sources */,
				29B3000D2F800100008A0E70 /* BrandLockButton.swift in Sources */,
				29B3000E2F800100008A0E70 /* CrashView.swift in Sources */,
				29B3000F2F800100008A0E70 /* CrashViewModel.swift in Sources */,
				29B300102F800100008A0E70 /* PlinkoView.swift in Sources */,
				29B300112F800100008A0E70 /* PlinkoViewModel.swift in Sources */,
				29B300122F800100008A0E70 /* MinesView.swift in Sources */,
				29B300132F800100008A0E70 /* MinesViewModel.swift in Sources */,
				29B300142F800100008A0E70 /* SlotsView.swift in Sources */,
				29B300152F800100008A0E70 /* SlotsViewModel.swift in Sources */,
				29B300162F800100008A0E70 /* SettingsView.swift in Sources */,
				29B300172F800100008A0E70 /* SettingsViewModel.swift in Sources */,
				29B300182F800100008A0E70 /* HistoryView.swift in Sources */,
				29B300192F800100008A0E70 /* HistoryViewModel.swift in Sources */,
				29B3001A2F800100008A0E70 /* PlayContainerView.swift in Sources */,
				29B3001B2F800100008A0E70 /* GameSessionModel.swift in Sources */,
				29B3001C2F800100008A0E70 /* WagerModalView.swift in Sources */,
			);
			runOnlyForDeploymentPostprocessing = 0;
		};
/* End PBXSourcesBuildPhase section */

/* Begin XCBuildConfiguration section */
		27F653C92F4FE54D00F1E977 /* Debug */ = {
			isa = XCBuildConfiguration;
			buildSettings = {
				ALWAYS_SEARCH_USER_PATHS = NO;
				ASSETCATALOG_COMPILER_GENERATE_SWIFT_ASSET_SYMBOL_EXTENSIONS = YES;
				CLANG_ANALYZER_NONNULL = YES;
				CLANG_ANALYZER_NUMBER_OBJECT_CONVERSION = YES_AGGRESSIVE;
				CLANG_CXX_LANGUAGE_STANDARD = "gnu++20";
				CLANG_ENABLE_MODULES = YES;
				CLANG_ENABLE_OBJC_ARC = YES;
				CLANG_ENABLE_OBJC_WEAK = YES;
				CLANG_WARN_BLOCK_CAPTURE_AUTORELEASING = YES;
				CLANG_WARN_BOOL_CONVERSION = YES;
				CLANG_WARN_COMMA = YES;
				CLANG_WARN_CONSTANT_CONVERSION = YES;
				CLANG_WARN_DEPRECATED_OBJC_IMPLEMENTATIONS = YES;
				CLANG_WARN_DIRECT_OBJC_ISA_USAGE = YES_ERROR;
				CLANG_WARN_DOCUMENTATION_COMMENTS = YES;
				CLANG_WARN_EMPTY_BODY = YES;
				CLANG_WARN_ENUM_CONVERSION = YES;
				CLANG_WARN_INFINITE_RECURSION = YES;
				CLANG_WARN_INT_CONVERSION = YES;
				CLANG_WARN_NON_LITERAL_NULL_CONVERSION = YES;
				CLANG_WARN_OBJC_IMPLICIT_RETAIN_SELF = YES;
				CLANG_WARN_OBJC_LITERAL_CONVERSION = YES;
				CLANG_WARN_OBJC_ROOT_CLASS = YES_ERROR;
				CLANG_WARN_QUOTED_INCLUDE_IN_FRAMEWORK_HEADER = YES;
				CLANG_WARN_RANGE_LOOP_ANALYSIS = YES;
				CLANG_WARN_STRICT_PROTOTYPES = YES;
				CLANG_WARN_SUSPICIOUS_MOVE = YES;
				CLANG_WARN_UNGUARDED_AVAILABILITY = YES_AGGRESSIVE;
				CLANG_WARN_UNREACHABLE_CODE = YES;
				CLANG_WARN__DUPLICATE_METHOD_MATCH = YES;
				COPY_PHASE_STRIP = NO;
				DEBUG_INFORMATION_FORMAT = dwarf;
				ENABLE_STRICT_OBJC_MSGSEND = YES;
				ENABLE_TESTABILITY = YES;
				ENABLE_USER_SCRIPT_SANDBOXING = YES;
				GCC_C_LANGUAGE_STANDARD = gnu17;
				GCC_DYNAMIC_NO_PIC = NO;
				GCC_NO_COMMON_BLOCKS = YES;
				GCC_OPTIMIZATION_LEVEL = 0;
				GCC_PREPROCESSOR_DEFINITIONS = (
					"DEBUG=1",
					"$(inherited)",
				);
				GCC_WARN_64_TO_32_BIT_CONVERSION = YES;
				GCC_WARN_ABOUT_RETURN_TYPE = YES_ERROR;
				GCC_WARN_UNDECLARED_SELECTOR = YES;
				GCC_WARN_UNINITIALIZED_AUTOS = YES_AGGRESSIVE;
				GCC_WARN_UNUSED_FUNCTION = YES;
				GCC_WARN_UNUSED_VARIABLE = YES;
				IPHONEOS_DEPLOYMENT_TARGET = 17.0;
				LOCALIZATION_PREFERS_STRING_CATALOGS = YES;
				MTL_ENABLE_DEBUG_INFO = INCLUDE_SOURCE;
				MTL_FAST_MATH = YES;
				ONLY_ACTIVE_ARCH = YES;
				SDKROOT = iphoneos;
				SWIFT_ACTIVE_COMPILATION_CONDITIONS = "DEBUG $(inherited)";
				SWIFT_OPTIMIZATION_LEVEL = "-Onone";
			};
			name = Debug;
		};
		27F653CA2F4FE54D00F1E977 /* Release */ = {
			isa = XCBuildConfiguration;
			buildSettings = {
				ALWAYS_SEARCH_USER_PATHS = NO;
				ASSETCATALOG_COMPILER_GENERATE_SWIFT_ASSET_SYMBOL_EXTENSIONS = YES;
				CLANG_ANALYZER_NONNULL = YES;
				CLANG_ANALYZER_NUMBER_OBJECT_CONVERSION = YES_AGGRESSIVE;
				CLANG_CXX_LANGUAGE_STANDARD = "gnu++20";
				CLANG_ENABLE_MODULES = YES;
				CLANG_ENABLE_OBJC_ARC = YES;
				CLANG_ENABLE_OBJC_WEAK = YES;
				CLANG_WARN_BLOCK_CAPTURE_AUTORELEASING = YES;
				CLANG_WARN_BOOL_CONVERSION = YES;
				CLANG_WARN_COMMA = YES;
				CLANG_WARN_CONSTANT_CONVERSION = YES;
				CLANG_WARN_DEPRECATED_OBJC_IMPLEMENTATIONS = YES;
				CLANG_WARN_DIRECT_OBJC_ISA_USAGE = YES_ERROR;
				CLANG_WARN_DOCUMENTATION_COMMENTS = YES;
				CLANG_WARN_EMPTY_BODY = YES;
				CLANG_WARN_ENUM_CONVERSION = YES;
				CLANG_WARN_INFINITE_RECURSION = YES;
				CLANG_WARN_INT_CONVERSION = YES;
				CLANG_WARN_NON_LITERAL_NULL_CONVERSION = YES;
				CLANG_WARN_OBJC_IMPLICIT_RETAIN_SELF = YES;
				CLANG_WARN_OBJC_LITERAL_CONVERSION = YES;
				CLANG_WARN_OBJC_ROOT_CLASS = YES_ERROR;
				CLANG_WARN_QUOTED_INCLUDE_IN_FRAMEWORK_HEADER = YES;
				CLANG_WARN_RANGE_LOOP_ANALYSIS = YES;
				CLANG_WARN_STRICT_PROTOTYPES = YES;
				CLANG_WARN_SUSPICIOUS_MOVE = YES;
				CLANG_WARN_UNGUARDED_AVAILABILITY = YES_AGGRESSIVE;
				CLANG_WARN_UNREACHABLE_CODE = YES;
				CLANG_WARN__DUPLICATE_METHOD_MATCH = YES;
				COPY_PHASE_STRIP = NO;
				DEBUG_INFORMATION_FORMAT = "dwarf-with-dsym";
				ENABLE_NS_ASSERTIONS = NO;
				ENABLE_STRICT_OBJC_MSGSEND = YES;
				ENABLE_USER_SCRIPT_SANDBOXING = YES;
				GCC_C_LANGUAGE_STANDARD = gnu17;
				GCC_NO_COMMON_BLOCKS = YES;
				GCC_WARN_64_TO_32_BIT_CONVERSION = YES;
				GCC_WARN_ABOUT_RETURN_TYPE = YES_ERROR;
				GCC_WARN_UNDECLARED_SELECTOR = YES;
				GCC_WARN_UNINITIALIZED_AUTOS = YES_AGGRESSIVE;
				GCC_WARN_UNUSED_FUNCTION = YES;
				GCC_WARN_UNUSED_VARIABLE = YES;
				IPHONEOS_DEPLOYMENT_TARGET = 17.0;
				LOCALIZATION_PREFERS_STRING_CATALOGS = YES;
				MTL_ENABLE_DEBUG_INFO = NO;
				MTL_FAST_MATH = YES;
				SDKROOT = iphoneos;
				SWIFT_COMPILATION_MODE = wholemodule;
				VALIDATE_PRODUCT = YES;
			};
			name = Release;
		};
		27F653CC2F4FE54D00F1E977 /* Debug */ = {
			isa = XCBuildConfiguration;
			buildSettings = {
				ASSETCATALOG_COMPILER_APPICON_NAME = AppIcon;
				ASSETCATALOG_COMPILER_GLOBAL_ACCENT_COLOR_NAME = AccentColor;
				CODE_SIGN_ENTITLEMENTS = DoubleTime.entitlements;
				CODE_SIGN_STYLE = Automatic;
				CURRENT_PROJECT_VERSION = 1;
				DEVELOPMENT_TEAM = 4CC6N69JLG;
				ENABLE_PREVIEWS = YES;
				GENERATE_INFOPLIST_FILE = YES;
				INFOPLIST_KEY_UIApplicationSceneManifest_Generation = YES;
				INFOPLIST_KEY_UIApplicationSupportsIndirectInputEvents = YES;
				INFOPLIST_KEY_UILaunchScreen_Generation = YES;
				INFOPLIST_KEY_UISupportedInterfaceOrientations_iPad = "UIInterfaceOrientationPortrait UIInterfaceOrientationPortraitUpsideDown UIInterfaceOrientationLandscapeLeft UIInterfaceOrientationLandscapeRight";
				INFOPLIST_KEY_UISupportedInterfaceOrientations_iPhone = "UIInterfaceOrientationPortrait UIInterfaceOrientationLandscapeLeft UIInterfaceOrientationLandscapeRight";
				LD_RUNPATH_SEARCH_PATHS = (
					"$(inherited)",
					"@executable_path/Frameworks",
				);
				MARKETING_VERSION = 1.0;
				PRODUCT_BUNDLE_IDENTIFIER = Personal.DoubleTime;
				PRODUCT_NAME = "$(TARGET_NAME)";
				SWIFT_EMIT_LOC_STRINGS = YES;
				SWIFT_VERSION = 5.0;
				TARGETED_DEVICE_FAMILY = "1,2";
			};
			name = Debug;
		};
		27F653CD2F4FE54D00F1E977 /* Release */ = {
			isa = XCBuildConfiguration;
			buildSettings = {
				ASSETCATALOG_COMPILER_APPICON_NAME = AppIcon;
				ASSETCATALOG_COMPILER_GLOBAL_ACCENT_COLOR_NAME = AccentColor;
				CODE_SIGN_ENTITLEMENTS = DoubleTime.entitlements;
				CODE_SIGN_STYLE = Automatic;
				CURRENT_PROJECT_VERSION = 1;
				DEVELOPMENT_TEAM = 4CC6N69JLG;
				ENABLE_PREVIEWS = YES;
				GENERATE_INFOPLIST_FILE = YES;
				INFOPLIST_KEY_UIApplicationSceneManifest_Generation = YES;
				INFOPLIST_KEY_UIApplicationSupportsIndirectInputEvents = YES;
				INFOPLIST_KEY_UILaunchScreen_Generation = YES;
				INFOPLIST_KEY_UISupportedInterfaceOrientations_iPad = "UIInterfaceOrientationPortrait UIInterfaceOrientationPortraitUpsideDown UIInterfaceOrientationLandscapeLeft UIInterfaceOrientationLandscapeRight";
				INFOPLIST_KEY_UISupportedInterfaceOrientations_iPhone = "UIInterfaceOrientationPortrait UIInterfaceOrientationLandscapeLeft UIInterfaceOrientationLandscapeRight";
				LD_RUNPATH_SEARCH_PATHS = (
					"$(inherited)",
					"@executable_path/Frameworks",
				);
				MARKETING_VERSION = 1.0;
				PRODUCT_BUNDLE_IDENTIFIER = Personal.DoubleTime;
				PRODUCT_NAME = "$(TARGET_NAME)";
				SWIFT_EMIT_LOC_STRINGS = YES;
				SWIFT_VERSION = 5.0;
				TARGETED_DEVICE_FAMILY = "1,2";
			};
			name = Release;
		};
/* End XCBuildConfiguration section */

/* Begin XCConfigurationList section */
		27F653B82F4FE54C00F1E977 /* Build configuration list for PBXProject "DoubleTime" */ = {
			isa = XCConfigurationList;
			buildConfigurations = (
				27F653C92F4FE54D00F1E977 /* Debug */,
				27F653CA2F4FE54D00F1E977 /* Release */,
			);
			defaultConfigurationIsVisible = 0;
			defaultConfigurationName = Release;
		};
		27F653CB2F4FE54D00F1E977 /* Build configuration list for PBXNativeTarget "DoubleTime" */ = {
			isa = XCConfigurationList;
			buildConfigurations = (
				27F653CC2F4FE54D00F1E977 /* Debug */,
				27F653CD2F4FE54D00F1E977 /* Release */,
			);
			defaultConfigurationIsVisible = 0;
			defaultConfigurationName = Release;
		};
/* End XCConfigurationList section */
	};
	rootObject = 27F653B52F4FE54C00F1E977 /* Project object */;
}
